
Microsoft Visual Studio Solution File, Format Version 12.00
# Visual Studio Version 17
VisualStudioVersion = 17.5.002.0
MinimumVisualStudioVersion = 10.0.40219.1
Project("{9A19103F-16F7-4668-BE54-9A1E7A4F7556}") = "OOP", "OOP.csproj", "{017E9680-BAB7-47AD-BE9A-A2D343AA4B2F}"
EndProject
Global
	GlobalSection(SolutionConfigurationPlatforms) = preSolution
		Debug|Any CPU = Debug|Any CPU
		Release|Any CPU = Release|Any CPU
	EndGlobalSection
	GlobalSection(ProjectConfigurationPlatforms) = postSolution
		{017E9680-BAB7-47AD-BE9A-A2D343AA4B2F}.Debug|Any CPU.ActiveCfg = Debug|Any CPU
		{017E9680-BAB7-47AD-BE9A-A2D343AA4B2F}.Debug|Any CPU.Build.0 = Debug|Any CPU
		{017E9680-BAB7-47AD-BE9A-A2D343AA4B2F}.Release|Any CPU.ActiveCfg = Release|Any CPU
		{017E9680-BAB7-47AD-BE9A-A2D343AA4B2F}.Release|Any CPU.Build.0 = Release|Any CPU
	EndGlobalSection
	GlobalSection(SolutionProperties) = preSolution
		HideSolutionNode = FALSE
	EndGlobalSection
	GlobalSection(ExtensibilityGlobals) = postSolution
		SolutionGuid = {C284E1A0-F904-4459-A42B-975FDBC08A83}
	EndGlobalSection
EndGlobal
